
Microsoft Visual Studio Solution File, Format Version 12.00
# Visual Studio Version 17
VisualStudioVersion = 17.6.33723.286
MinimumVisualStudioVersion = 10.0.40219.1
Project("{FAE04EC0-301F-11D3-BF4B-00C04F79EFBC}") = "Paths", "Paths\Paths.csproj", "{041858AC-76C5-47FE-8F6A-6F24F787DABE}"
EndProject
Global
	GlobalSection(SolutionConfigurationPlatforms) = preSolution
		Debug|Any CPU = Debug|Any CPU
		Release|Any CPU = Release|Any CPU
	EndGlobalSection
	GlobalSection(ProjectConfigurationPlatforms) = postSolution
		{041858AC-76C5-47FE-8F6A-6F24F787DABE}.Debug|Any CPU.ActiveCfg = Debug|Any CPU
		{041858AC-76C5-47FE-8F6A-6F24F787DABE}.Debug|Any CPU.Build.0 = Debug|Any CPU
		{041858AC-76C5-47FE-8F6A-6F24F787DABE}.Release|Any CPU.ActiveCfg = Release|Any CPU
		{041858AC-76C5-47FE-8F6A-6F24F787DABE}.Release|Any CPU.Build.0 = Release|Any CPU
	EndGlobalSection
	GlobalSection(SolutionProperties) = preSolution
		HideSolutionNode = FALSE
	EndGlobalSection
	GlobalSection(ExtensibilityGlobals) = postSolution
		SolutionGuid = {986ACA9F-C294-44C2-8525-DBD894776653}
	EndGlobalSection
EndGlobal
