
Microsoft Visual Studio Solution File, Format Version 12.00
# Visual Studio Version 17
VisualStudioVersion = 17.6.33723.286
MinimumVisualStudioVersion = 10.0.40219.1
Project("{FAE04EC0-301F-11D3-BF4B-00C04F79EFBC}") = "TaxPayerExercise", "TaxPayerExercise\TaxPayerExercise.csproj", "{3D2CE946-E2A4-4A1F-9C3B-725B837A8C8D}"
EndProject
Global
	GlobalSection(SolutionConfigurationPlatforms) = preSolution
		Debug|Any CPU = Debug|Any CPU
		Release|Any CPU = Release|Any CPU
	EndGlobalSection
	GlobalSection(ProjectConfigurationPlatforms) = postSolution
		{3D2CE946-E2A4-4A1F-9C3B-725B837A8C8D}.Debug|Any CPU.ActiveCfg = Debug|Any CPU
		{3D2CE946-E2A4-4A1F-9C3B-725B837A8C8D}.Debug|Any CPU.Build.0 = Debug|Any CPU
		{3D2CE946-E2A4-4A1F-9C3B-725B837A8C8D}.Release|Any CPU.ActiveCfg = Release|Any CPU
		{3D2CE946-E2A4-4A1F-9C3B-725B837A8C8D}.Release|Any CPU.Build.0 = Release|Any CPU
	EndGlobalSection
	GlobalSection(SolutionProperties) = preSolution
		HideSolutionNode = FALSE
	EndGlobalSection
	GlobalSection(ExtensibilityGlobals) = postSolution
		SolutionGuid = {A786EF73-AAC5-417D-B5AC-0A669BE80C01}
	EndGlobalSection
EndGlobal
