
Microsoft Visual Studio Solution File, Format Version 12.00
# Visual Studio Version 17
VisualStudioVersion = 17.6.33723.286
MinimumVisualStudioVersion = 10.0.40219.1
Project("{FAE04EC0-301F-11D3-BF4B-00C04F79EFBC}") = "Dictionarys", "Dictionarys\Dictionarys.csproj", "{D981D9B3-B8BA-45AB-B9DD-B6AC8C3C3EB0}"
EndProject
Global
	GlobalSection(SolutionConfigurationPlatforms) = preSolution
		Debug|Any CPU = Debug|Any CPU
		Release|Any CPU = Release|Any CPU
	EndGlobalSection
	GlobalSection(ProjectConfigurationPlatforms) = postSolution
		{D981D9B3-B8BA-45AB-B9DD-B6AC8C3C3EB0}.Debug|Any CPU.ActiveCfg = Debug|Any CPU
		{D981D9B3-B8BA-45AB-B9DD-B6AC8C3C3EB0}.Debug|Any CPU.Build.0 = Debug|Any CPU
		{D981D9B3-B8BA-45AB-B9DD-B6AC8C3C3EB0}.Release|Any CPU.ActiveCfg = Release|Any CPU
		{D981D9B3-B8BA-45AB-B9DD-B6AC8C3C3EB0}.Release|Any CPU.Build.0 = Release|Any CPU
	EndGlobalSection
	GlobalSection(SolutionProperties) = preSolution
		HideSolutionNode = FALSE
	EndGlobalSection
	GlobalSection(ExtensibilityGlobals) = postSolution
		SolutionGuid = {49CA0F78-D4B1-4463-B93B-B3FC5AA31191}
	EndGlobalSection
EndGlobal
