
Microsoft Visual Studio Solution File, Format Version 12.00
# Visual Studio Version 17
VisualStudioVersion = 17.6.33723.286
MinimumVisualStudioVersion = 10.0.40219.1
Project("{FAE04EC0-301F-11D3-BF4B-00C04F79EFBC}") = "ExercicioProdutosHeranca", "ExercicioProdutosHeranca\ExercicioProdutosHeranca.csproj", "{EFE0B978-50E7-4137-B5CC-216E0F82D6A5}"
EndProject
Global
	GlobalSection(SolutionConfigurationPlatforms) = preSolution
		Debug|Any CPU = Debug|Any CPU
		Release|Any CPU = Release|Any CPU
	EndGlobalSection
	GlobalSection(ProjectConfigurationPlatforms) = postSolution
		{EFE0B978-50E7-4137-B5CC-216E0F82D6A5}.Debug|Any CPU.ActiveCfg = Debug|Any CPU
		{EFE0B978-50E7-4137-B5CC-216E0F82D6A5}.Debug|Any CPU.Build.0 = Debug|Any CPU
		{EFE0B978-50E7-4137-B5CC-216E0F82D6A5}.Release|Any CPU.ActiveCfg = Release|Any CPU
		{EFE0B978-50E7-4137-B5CC-216E0F82D6A5}.Release|Any CPU.Build.0 = Release|Any CPU
	EndGlobalSection
	GlobalSection(SolutionProperties) = preSolution
		HideSolutionNode = FALSE
	EndGlobalSection
	GlobalSection(ExtensibilityGlobals) = postSolution
		SolutionGuid = {DC84ACB4-8CE7-4323-B7AB-30E9B88FED20}
	EndGlobalSection
EndGlobal
