
Microsoft Visual Studio Solution File, Format Version 12.00
# Visual Studio Version 17
VisualStudioVersion = 17.6.33723.286
MinimumVisualStudioVersion = 10.0.40219.1
Project("{FAE04EC0-301F-11D3-BF4B-00C04F79EFBC}") = "Lists", "Lists\Lists.csproj", "{CA5592B7-47E5-4059-8056-0B0DA9475814}"
EndProject
Global
	GlobalSection(SolutionConfigurationPlatforms) = preSolution
		Debug|Any CPU = Debug|Any CPU
		Release|Any CPU = Release|Any CPU
	EndGlobalSection
	GlobalSection(ProjectConfigurationPlatforms) = postSolution
		{CA5592B7-47E5-4059-8056-0B0DA9475814}.Debug|Any CPU.ActiveCfg = Debug|Any CPU
		{CA5592B7-47E5-4059-8056-0B0DA9475814}.Debug|Any CPU.Build.0 = Debug|Any CPU
		{CA5592B7-47E5-4059-8056-0B0DA9475814}.Release|Any CPU.ActiveCfg = Release|Any CPU
		{CA5592B7-47E5-4059-8056-0B0DA9475814}.Release|Any CPU.Build.0 = Release|Any CPU
	EndGlobalSection
	GlobalSection(SolutionProperties) = preSolution
		HideSolutionNode = FALSE
	EndGlobalSection
	GlobalSection(ExtensibilityGlobals) = postSolution
		SolutionGuid = {686FA517-0BD0-4BF0-BA81-C1C55924D891}
	EndGlobalSection
EndGlobal
