
Microsoft Visual Studio Solution File, Format Version 12.00
# Visual Studio Version 17
VisualStudioVersion = 17.6.33723.286
MinimumVisualStudioVersion = 10.0.40219.1
Project("{FAE04EC0-301F-11D3-BF4B-00C04F79EFBC}") = "ExerciseFiles", "ExerciseFiles\ExerciseFiles.csproj", "{32EC723B-4F92-4E0A-B503-DE7D89D2366F}"
EndProject
Global
	GlobalSection(SolutionConfigurationPlatforms) = preSolution
		Debug|Any CPU = Debug|Any CPU
		Release|Any CPU = Release|Any CPU
	EndGlobalSection
	GlobalSection(ProjectConfigurationPlatforms) = postSolution
		{32EC723B-4F92-4E0A-B503-DE7D89D2366F}.Debug|Any CPU.ActiveCfg = Debug|Any CPU
		{32EC723B-4F92-4E0A-B503-DE7D89D2366F}.Debug|Any CPU.Build.0 = Debug|Any CPU
		{32EC723B-4F92-4E0A-B503-DE7D89D2366F}.Release|Any CPU.ActiveCfg = Release|Any CPU
		{32EC723B-4F92-4E0A-B503-DE7D89D2366F}.Release|Any CPU.Build.0 = Release|Any CPU
	EndGlobalSection
	GlobalSection(SolutionProperties) = preSolution
		HideSolutionNode = FALSE
	EndGlobalSection
	GlobalSection(ExtensibilityGlobals) = postSolution
		SolutionGuid = {AD17A97D-6AD2-40FB-BC5E-83BF9229ABD3}
	EndGlobalSection
EndGlobal
