
Microsoft Visual Studio Solution File, Format Version 12.00
# Visual Studio Version 17
VisualStudioVersion = 17.6.33723.286
MinimumVisualStudioVersion = 10.0.40219.1
Project("{FAE04EC0-301F-11D3-BF4B-00C04F79EFBC}") = "PagamentoParcelaExercicio", "PagamentoParcelaExercicio\PagamentoParcelaExercicio.csproj", "{D6C6A71C-EBD7-4C65-A1AC-2571D2108194}"
EndProject
Global
	GlobalSection(SolutionConfigurationPlatforms) = preSolution
		Debug|Any CPU = Debug|Any CPU
		Release|Any CPU = Release|Any CPU
	EndGlobalSection
	GlobalSection(ProjectConfigurationPlatforms) = postSolution
		{D6C6A71C-EBD7-4C65-A1AC-2571D2108194}.Debug|Any CPU.ActiveCfg = Debug|Any CPU
		{D6C6A71C-EBD7-4C65-A1AC-2571D2108194}.Debug|Any CPU.Build.0 = Debug|Any CPU
		{D6C6A71C-EBD7-4C65-A1AC-2571D2108194}.Release|Any CPU.ActiveCfg = Release|Any CPU
		{D6C6A71C-EBD7-4C65-A1AC-2571D2108194}.Release|Any CPU.Build.0 = Release|Any CPU
	EndGlobalSection
	GlobalSection(SolutionProperties) = preSolution
		HideSolutionNode = FALSE
	EndGlobalSection
	GlobalSection(ExtensibilityGlobals) = postSolution
		SolutionGuid = {215D3451-DA48-47B5-8BBB-9684AF03BB6D}
	EndGlobalSection
EndGlobal
