
Microsoft Visual Studio Solution File, Format Version 12.00
# Visual Studio Version 17
VisualStudioVersion = 17.6.33723.286
MinimumVisualStudioVersion = 10.0.40219.1
Project("{FAE04EC0-301F-11D3-BF4B-00C04F79EFBC}") = "primeiroProjeto", "primeiroProjeto\primeiroProjeto.csproj", "{251001BB-633B-48B0-91EF-617BD60FCC48}"
EndProject
Global
	GlobalSection(SolutionConfigurationPlatforms) = preSolution
		Debug|Any CPU = Debug|Any CPU
		Release|Any CPU = Release|Any CPU
	EndGlobalSection
	GlobalSection(ProjectConfigurationPlatforms) = postSolution
		{251001BB-633B-48B0-91EF-617BD60FCC48}.Debug|Any CPU.ActiveCfg = Debug|Any CPU
		{251001BB-633B-48B0-91EF-617BD60FCC48}.Debug|Any CPU.Build.0 = Debug|Any CPU
		{251001BB-633B-48B0-91EF-617BD60FCC48}.Release|Any CPU.ActiveCfg = Release|Any CPU
		{251001BB-633B-48B0-91EF-617BD60FCC48}.Release|Any CPU.Build.0 = Release|Any CPU
	EndGlobalSection
	GlobalSection(SolutionProperties) = preSolution
		HideSolutionNode = FALSE
	EndGlobalSection
	GlobalSection(ExtensibilityGlobals) = postSolution
		SolutionGuid = {FDC5F421-4469-452E-8C6D-1F7C40A94ABE}
	EndGlobalSection
EndGlobal
